
Microsoft Visual Studio Solution File, Format Version 12.00
# Visual Studio Version 17
VisualStudioVersion = 17.6.33815.320
MinimumVisualStudioVersion = 10.0.40219.1
Project("{FAE04EC0-301F-11D3-BF4B-00C04F79EFBC}") = "build-a-fit", "build-a-fit.csproj", "{C189FD7D-16E4-429F-984E-2CAB25F34740}"
EndProject
Global
	GlobalSection(SolutionConfigurationPlatforms) = preSolution
		Debug|Any CPU = Debug|Any CPU
		Release|Any CPU = Release|Any CPU
	EndGlobalSection
	GlobalSection(ProjectConfigurationPlatforms) = postSolution
		{C189FD7D-16E4-429F-984E-2CAB25F34740}.Debug|Any CPU.ActiveCfg = Debug|Any CPU
		{C189FD7D-16E4-429F-984E-2CAB25F34740}.Debug|Any CPU.Build.0 = Debug|Any CPU
		{C189FD7D-16E4-429F-984E-2CAB25F34740}.Release|Any CPU.ActiveCfg = Release|Any CPU
		{C189FD7D-16E4-429F-984E-2CAB25F34740}.Release|Any CPU.Build.0 = Release|Any CPU
	EndGlobalSection
	GlobalSection(SolutionProperties) = preSolution
		HideSolutionNode = FALSE
	EndGlobalSection
	GlobalSection(ExtensibilityGlobals) = postSolution
		SolutionGuid = {52C951BA-D07A-470B-84D1-F579CB8302E0}
	EndGlobalSection
EndGlobal
